
Microsoft Visual Studio Solution File, Format Version 12.00
# Visual Studio Version 17
VisualStudioVersion = 17.7.34024.191
MinimumVisualStudioVersion = 10.0.40219.1
Project("{9A19103F-16F7-4668-BE54-9A1E7A4F7556}") = "01_cv", "01_cv\01_cv.csproj", "{63B6AB0F-8881-4620-A6CD-211051CFE203}"
EndProject
Project("{9A19103F-16F7-4668-BE54-9A1E7A4F7556}") = "02_cv", "02_cv\02_cv.csproj", "{0CCA81CB-60C7-4CF1-9B56-D4EA4356D7B8}"
EndProject
Project("{9A19103F-16F7-4668-BE54-9A1E7A4F7556}") = "03_cv", "03_cv\03_cv.csproj", "{77E192D0-5565-415E-8D2B-3B7A102BAC8B}"
EndProject
Project("{9A19103F-16F7-4668-BE54-9A1E7A4F7556}") = "04_cv", "04_cv\04_cv.csproj", "{50F50E5B-753A-480A-8146-1ED04F6C648A}"
EndProject
Project("{FAE04EC0-301F-11D3-BF4B-00C04F79EFBC}") = "05_cv", "05_cv\05_cv.csproj", "{44F9D305-C97B-4B9B-BD7D-0A451B1ED1A3}"
EndProject
Global
	GlobalSection(SolutionConfigurationPlatforms) = preSolution
		Debug|Any CPU = Debug|Any CPU
		Release|Any CPU = Release|Any CPU
	EndGlobalSection
	GlobalSection(ProjectConfigurationPlatforms) = postSolution
		{63B6AB0F-8881-4620-A6CD-211051CFE203}.Debug|Any CPU.ActiveCfg = Debug|Any CPU
		{63B6AB0F-8881-4620-A6CD-211051CFE203}.Debug|Any CPU.Build.0 = Debug|Any CPU
		{63B6AB0F-8881-4620-A6CD-211051CFE203}.Release|Any CPU.ActiveCfg = Release|Any CPU
		{63B6AB0F-8881-4620-A6CD-211051CFE203}.Release|Any CPU.Build.0 = Release|Any CPU
		{0CCA81CB-60C7-4CF1-9B56-D4EA4356D7B8}.Debug|Any CPU.ActiveCfg = Debug|Any CPU
		{0CCA81CB-60C7-4CF1-9B56-D4EA4356D7B8}.Debug|Any CPU.Build.0 = Debug|Any CPU
		{0CCA81CB-60C7-4CF1-9B56-D4EA4356D7B8}.Release|Any CPU.ActiveCfg = Release|Any CPU
		{0CCA81CB-60C7-4CF1-9B56-D4EA4356D7B8}.Release|Any CPU.Build.0 = Release|Any CPU
		{77E192D0-5565-415E-8D2B-3B7A102BAC8B}.Debug|Any CPU.ActiveCfg = Debug|Any CPU
		{77E192D0-5565-415E-8D2B-3B7A102BAC8B}.Debug|Any CPU.Build.0 = Debug|Any CPU
		{77E192D0-5565-415E-8D2B-3B7A102BAC8B}.Release|Any CPU.ActiveCfg = Release|Any CPU
		{77E192D0-5565-415E-8D2B-3B7A102BAC8B}.Release|Any CPU.Build.0 = Release|Any CPU
		{50F50E5B-753A-480A-8146-1ED04F6C648A}.Debug|Any CPU.ActiveCfg = Debug|Any CPU
		{50F50E5B-753A-480A-8146-1ED04F6C648A}.Debug|Any CPU.Build.0 = Debug|Any CPU
		{50F50E5B-753A-480A-8146-1ED04F6C648A}.Release|Any CPU.ActiveCfg = Release|Any CPU
		{50F50E5B-753A-480A-8146-1ED04F6C648A}.Release|Any CPU.Build.0 = Release|Any CPU
		{44F9D305-C97B-4B9B-BD7D-0A451B1ED1A3}.Debug|Any CPU.ActiveCfg = Debug|Any CPU
		{44F9D305-C97B-4B9B-BD7D-0A451B1ED1A3}.Debug|Any CPU.Build.0 = Debug|Any CPU
		{44F9D305-C97B-4B9B-BD7D-0A451B1ED1A3}.Release|Any CPU.ActiveCfg = Release|Any CPU
		{44F9D305-C97B-4B9B-BD7D-0A451B1ED1A3}.Release|Any CPU.Build.0 = Release|Any CPU
	EndGlobalSection
	GlobalSection(SolutionProperties) = preSolution
		HideSolutionNode = FALSE
	EndGlobalSection
	GlobalSection(ExtensibilityGlobals) = postSolution
		SolutionGuid = {D30254AC-4572-4225-A826-3A57807A9F2B}
	EndGlobalSection
EndGlobal
